PODS:
  - EDColor (0.4.0)
  - Masonry (0.6.4)
  - ViewUtils (1.1.2)

DEPENDENCIES:
  - EDColor (~> 0.4)
  - Masonry (~> 0.6)
  - ViewUtils (~> 1.1)

SPEC CHECKSUMS:
  EDColor: 89d19a013279a5604d61650721c15f20fefaaf00
  Masonry: 281802d04d787ea2973179ee8bcb50500579ede2
  ViewUtils: 68e42c708a4b3912e39691cef5080282dc5013fb

COCOAPODS: 0.39.0
